
Microsoft Visual Studio Solution File, Format Version 12.00
# Visual Studio Version 17
VisualStudioVersion = 17.5.002.0
MinimumVisualStudioVersion = 10.0.40219.1
Project("{2150E333-8FDC-42A3-9474-1A3956D46DE8}") = "csharp-prep", "csharp-prep", "{6F75DD49-D65C-45D5-BE46-E33440B774C2}"
EndProject
Project("{9A19103F-16F7-4668-BE54-9A1E7A4F7556}") = "Prep1", "csharp-prep\Prep1\Prep1.csproj", "{0DBF74B6-E4FA-4EA1-BCF9-CC36ED3188A1}"
EndProject
Project("{9A19103F-16F7-4668-BE54-9A1E7A4F7556}") = "Prep2", "csharp-prep\Prep2\Prep2.csproj", "{F7A5C7DD-8715-4BF9-8909-DB8FDFAC8005}"
EndProject
Project("{9A19103F-16F7-4668-BE54-9A1E7A4F7556}") = "Prep3", "csharp-prep\Prep3\Prep3.csproj", "{94532E20-E95B-4068-8E00-8043F1F30123}"
EndProject
Project("{9A19103F-16F7-4668-BE54-9A1E7A4F7556}") = "Prep4", "csharp-prep\Prep4\Prep4.csproj", "{1CA0BC5D-AC3D-44F9-A5D0-3995599FBF50}"
EndProject
Project("{9A19103F-16F7-4668-BE54-9A1E7A4F7556}") = "Prep5", "csharp-prep\Prep5\Prep5.csproj", "{6A940E54-882A-4407-BE2F-43773F27FF52}"
EndProject
Project("{2150E333-8FDC-42A3-9474-1A3956D46DE8}") = "final", "final", "{7C930386-CF39-46A5-9056-BC9D0D3E666F}"
EndProject
Project("{9A19103F-16F7-4668-BE54-9A1E7A4F7556}") = "FinalProject", "final\FinalProject\FinalProject.csproj", "{74489251-A59D-44BD-9701-1EC5FA9E500B}"
EndProject
Project("{9A19103F-16F7-4668-BE54-9A1E7A4F7556}") = "Foundation1", "final\Foundation1\Foundation1.csproj", "{0A7DAC26-A25A-4C3D-B45A-E8723EF93973}"
EndProject
Project("{9A19103F-16F7-4668-BE54-9A1E7A4F7556}") = "Foundation2", "final\Foundation2\Foundation2.csproj", "{7B8973F2-A88C-4EF3-82D8-21D4D416854D}"
EndProject
Project("{9A19103F-16F7-4668-BE54-9A1E7A4F7556}") = "Foundation3", "final\Foundation3\Foundation3.csproj", "{C2B0419A-F061-48FC-9228-EA9ACC1453D7}"
EndProject
Project("{9A19103F-16F7-4668-BE54-9A1E7A4F7556}") = "Foundation4", "final\Foundation4\Foundation4.csproj", "{3DF474F9-CF6C-43D6-BB6B-BF06A3B92ED1}"
EndProject
Project("{2150E333-8FDC-42A3-9474-1A3956D46DE8}") = "prepare", "prepare", "{9D5CC747-356C-4F5B-B325-047C352DB42D}"
EndProject
Project("{9A19103F-16F7-4668-BE54-9A1E7A4F7556}") = "Learning02", "prepare\Learning02\Learning02.csproj", "{80AA16B1-B5FE-43CA-A438-8A383EB8629F}"
EndProject
Project("{9A19103F-16F7-4668-BE54-9A1E7A4F7556}") = "Learning03", "prepare\Learning03\Learning03.csproj", "{7B1B6DF1-9691-4C6A-947C-878DCC34407A}"
EndProject
Project("{9A19103F-16F7-4668-BE54-9A1E7A4F7556}") = "Learning04", "prepare\Learning04\Learning04.csproj", "{00B70056-BD4D-4F02-816F-AD197D6B06CA}"
EndProject
Project("{9A19103F-16F7-4668-BE54-9A1E7A4F7556}") = "Learning05", "prepare\Learning05\Learning05.csproj", "{E506C8A5-850F-4640-820B-33943D093605}"
EndProject
Project("{2150E333-8FDC-42A3-9474-1A3956D46DE8}") = "prove", "prove", "{552739D6-7725-4E71-812C-B7C3A8BE7FEA}"
EndProject
Project("{9A19103F-16F7-4668-BE54-9A1E7A4F7556}") = "Develop02", "prove\Develop02\Develop02.csproj", "{6030F733-E0E7-4722-A1F0-04422F8BD250}"
EndProject
Project("{9A19103F-16F7-4668-BE54-9A1E7A4F7556}") = "Develop03", "prove\Develop03\Develop03.csproj", "{2DED8334-1C83-427E-A184-D5D899952A5B}"
EndProject
Project("{9A19103F-16F7-4668-BE54-9A1E7A4F7556}") = "Develop04", "prove\Develop04\Develop04.csproj", "{E35831E9-A8A3-438B-A72E-56AD51A2CA9E}"
EndProject
Project("{9A19103F-16F7-4668-BE54-9A1E7A4F7556}") = "Develop05", "prove\Develop05\Develop05.csproj", "{8519AADF-918A-4B60-AA76-F854A85C97C9}"
EndProject
Project("{2150E333-8FDC-42A3-9474-1A3956D46DE8}") = "sandbox", "sandbox", "{AE16E42D-5737-47D8-BE91-72BA42B727CB}"
EndProject
Project("{9A19103F-16F7-4668-BE54-9A1E7A4F7556}") = "Sandbox", "sandbox\Sandbox\Sandbox.csproj", "{FF4A6E01-DBB6-4FC2-997A-422BD76ED42E}"
EndProject
Global
	GlobalSection(SolutionConfigurationPlatforms) = preSolution
		Debug|Any CPU = Debug|Any CPU
		Release|Any CPU = Release|Any CPU
	EndGlobalSection
	GlobalSection(ProjectConfigurationPlatforms) = postSolution
		{0DBF74B6-E4FA-4EA1-BCF9-CC36ED3188A1}.Debug|Any CPU.ActiveCfg = Debug|Any CPU
		{0DBF74B6-E4FA-4EA1-BCF9-CC36ED3188A1}.Debug|Any CPU.Build.0 = Debug|Any CPU
		{0DBF74B6-E4FA-4EA1-BCF9-CC36ED3188A1}.Release|Any CPU.ActiveCfg = Release|Any CPU
		{0DBF74B6-E4FA-4EA1-BCF9-CC36ED3188A1}.Release|Any CPU.Build.0 = Release|Any CPU
		{F7A5C7DD-8715-4BF9-8909-DB8FDFAC8005}.Debug|Any CPU.ActiveCfg = Debug|Any CPU
		{F7A5C7DD-8715-4BF9-8909-DB8FDFAC8005}.Debug|Any CPU.Build.0 = Debug|Any CPU
		{F7A5C7DD-8715-4BF9-8909-DB8FDFAC8005}.Release|Any CPU.ActiveCfg = Release|Any CPU
		{F7A5C7DD-8715-4BF9-8909-DB8FDFAC8005}.Release|Any CPU.Build.0 = Release|Any CPU
		{94532E20-E95B-4068-8E00-8043F1F30123}.Debug|Any CPU.ActiveCfg = Debug|Any CPU
		{94532E20-E95B-4068-8E00-8043F1F30123}.Debug|Any CPU.Build.0 = Debug|Any CPU
		{94532E20-E95B-4068-8E00-8043F1F30123}.Release|Any CPU.ActiveCfg = Release|Any CPU
		{94532E20-E95B-4068-8E00-8043F1F30123}.Release|Any CPU.Build.0 = Release|Any CPU
		{1CA0BC5D-AC3D-44F9-A5D0-3995599FBF50}.Debug|Any CPU.ActiveCfg = Debug|Any CPU
		{1CA0BC5D-AC3D-44F9-A5D0-3995599FBF50}.Debug|Any CPU.Build.0 = Debug|Any CPU
		{1CA0BC5D-AC3D-44F9-A5D0-3995599FBF50}.Release|Any CPU.ActiveCfg = Release|Any CPU
		{1CA0BC5D-AC3D-44F9-A5D0-3995599FBF50}.Release|Any CPU.Build.0 = Release|Any CPU
		{6A940E54-882A-4407-BE2F-43773F27FF52}.Debug|Any CPU.ActiveCfg = Debug|Any CPU
		{6A940E54-882A-4407-BE2F-43773F27FF52}.Debug|Any CPU.Build.0 = Debug|Any CPU
		{6A940E54-882A-4407-BE2F-43773F27FF52}.Release|Any CPU.ActiveCfg = Release|Any CPU
		{6A940E54-882A-4407-BE2F-43773F27FF52}.Release|Any CPU.Build.0 = Release|Any CPU
		{74489251-A59D-44BD-9701-1EC5FA9E500B}.Debug|Any CPU.ActiveCfg = Debug|Any CPU
		{74489251-A59D-44BD-9701-1EC5FA9E500B}.Debug|Any CPU.Build.0 = Debug|Any CPU
		{74489251-A59D-44BD-9701-1EC5FA9E500B}.Release|Any CPU.ActiveCfg = Release|Any CPU
		{74489251-A59D-44BD-9701-1EC5FA9E500B}.Release|Any CPU.Build.0 = Release|Any CPU
		{0A7DAC26-A25A-4C3D-B45A-E8723EF93973}.Debug|Any CPU.ActiveCfg = Debug|Any CPU
		{0A7DAC26-A25A-4C3D-B45A-E8723EF93973}.Debug|Any CPU.Build.0 = Debug|Any CPU
		{0A7DAC26-A25A-4C3D-B45A-E8723EF93973}.Release|Any CPU.ActiveCfg = Release|Any CPU
		{0A7DAC26-A25A-4C3D-B45A-E8723EF93973}.Release|Any CPU.Build.0 = Release|Any CPU
		{7B8973F2-A88C-4EF3-82D8-21D4D416854D}.Debug|Any CPU.ActiveCfg = Debug|Any CPU
		{7B8973F2-A88C-4EF3-82D8-21D4D416854D}.Debug|Any CPU.Build.0 = Debug|Any CPU
		{7B8973F2-A88C-4EF3-82D8-21D4D416854D}.Release|Any CPU.ActiveCfg = Release|Any CPU
		{7B8973F2-A88C-4EF3-82D8-21D4D416854D}.Release|Any CPU.Build.0 = Release|Any CPU
		{C2B0419A-F061-48FC-9228-EA9ACC1453D7}.Debug|Any CPU.ActiveCfg = Debug|Any CPU
		{C2B0419A-F061-48FC-9228-EA9ACC1453D7}.Debug|Any CPU.Build.0 = Debug|Any CPU
		{C2B0419A-F061-48FC-9228-EA9ACC1453D7}.Release|Any CPU.ActiveCfg = Release|Any CPU
		{C2B0419A-F061-48FC-9228-EA9ACC1453D7}.Release|Any CPU.Build.0 = Release|Any CPU
		{3DF474F9-CF6C-43D6-BB6B-BF06A3B92ED1}.Debug|Any CPU.ActiveCfg = Debug|Any CPU
		{3DF474F9-CF6C-43D6-BB6B-BF06A3B92ED1}.Debug|Any CPU.Build.0 = Debug|Any CPU
		{3DF474F9-CF6C-43D6-BB6B-BF06A3B92ED1}.Release|Any CPU.ActiveCfg = Release|Any CPU
		{3DF474F9-CF6C-43D6-BB6B-BF06A3B92ED1}.Release|Any CPU.Build.0 = Release|Any CPU
		{80AA16B1-B5FE-43CA-A438-8A383EB8629F}.Debug|Any CPU.ActiveCfg = Debug|Any CPU
		{80AA16B1-B5FE-43CA-A438-8A383EB8629F}.Debug|Any CPU.Build.0 = Debug|Any CPU
		{80AA16B1-B5FE-43CA-A438-8A383EB8629F}.Release|Any CPU.ActiveCfg = Release|Any CPU
		{80AA16B1-B5FE-43CA-A438-8A383EB8629F}.Release|Any CPU.Build.0 = Release|Any CPU
		{7B1B6DF1-9691-4C6A-947C-878DCC34407A}.Debug|Any CPU.ActiveCfg = Debug|Any CPU
		{7B1B6DF1-9691-4C6A-947C-878DCC34407A}.Debug|Any CPU.Build.0 = Debug|Any CPU
		{7B1B6DF1-9691-4C6A-947C-878DCC34407A}.Release|Any CPU.ActiveCfg = Release|Any CPU
		{7B1B6DF1-9691-4C6A-947C-878DCC34407A}.Release|Any CPU.Build.0 = Release|Any CPU
		{00B70056-BD4D-4F02-816F-AD197D6B06CA}.Debug|Any CPU.ActiveCfg = Debug|Any CPU
		{00B70056-BD4D-4F02-816F-AD197D6B06CA}.Debug|Any CPU.Build.0 = Debug|Any CPU
		{00B70056-BD4D-4F02-816F-AD197D6B06CA}.Release|Any CPU.ActiveCfg = Release|Any CPU
		{00B70056-BD4D-4F02-816F-AD197D6B06CA}.Release|Any CPU.Build.0 = Release|Any CPU
		{E506C8A5-850F-4640-820B-33943D093605}.Debug|Any CPU.ActiveCfg = Debug|Any CPU
		{E506C8A5-850F-4640-820B-33943D093605}.Debug|Any CPU.Build.0 = Debug|Any CPU
		{E506C8A5-850F-4640-820B-33943D093605}.Release|Any CPU.ActiveCfg = Release|Any CPU
		{E506C8A5-850F-4640-820B-33943D093605}.Release|Any CPU.Build.0 = Release|Any CPU
		{6030F733-E0E7-4722-A1F0-04422F8BD250}.Debug|Any CPU.ActiveCfg = Debug|Any CPU
		{6030F733-E0E7-4722-A1F0-04422F8BD250}.Debug|Any CPU.Build.0 = Debug|Any CPU
		{6030F733-E0E7-4722-A1F0-04422F8BD250}.Release|Any CPU.ActiveCfg = Release|Any CPU
		{6030F733-E0E7-4722-A1F0-04422F8BD250}.Release|Any CPU.Build.0 = Release|Any CPU
		{2DED8334-1C83-427E-A184-D5D899952A5B}.Debug|Any CPU.ActiveCfg = Debug|Any CPU
		{2DED8334-1C83-427E-A184-D5D899952A5B}.Debug|Any CPU.Build.0 = Debug|Any CPU
		{2DED8334-1C83-427E-A184-D5D899952A5B}.Release|Any CPU.ActiveCfg = Release|Any CPU
		{2DED8334-1C83-427E-A184-D5D899952A5B}.Release|Any CPU.Build.0 = Release|Any CPU
		{E35831E9-A8A3-438B-A72E-56AD51A2CA9E}.Debug|Any CPU.ActiveCfg = Debug|Any CPU
		{E35831E9-A8A3-438B-A72E-56AD51A2CA9E}.Debug|Any CPU.Build.0 = Debug|Any CPU
		{E35831E9-A8A3-438B-A72E-56AD51A2CA9E}.Release|Any CPU.ActiveCfg = Release|Any CPU
		{E35831E9-A8A3-438B-A72E-56AD51A2CA9E}.Release|Any CPU.Build.0 = Release|Any CPU
		{8519AADF-918A-4B60-AA76-F854A85C97C9}.Debug|Any CPU.ActiveCfg = Debug|Any CPU
		{8519AADF-918A-4B60-AA76-F854A85C97C9}.Debug|Any CPU.Build.0 = Debug|Any CPU
		{8519AADF-918A-4B60-AA76-F854A85C97C9}.Release|Any CPU.ActiveCfg = Release|Any CPU
		{8519AADF-918A-4B60-AA76-F854A85C97C9}.Release|Any CPU.Build.0 = Release|Any CPU
		{FF4A6E01-DBB6-4FC2-997A-422BD76ED42E}.Debug|Any CPU.ActiveCfg = Debug|Any CPU
		{FF4A6E01-DBB6-4FC2-997A-422BD76ED42E}.Debug|Any CPU.Build.0 = Debug|Any CPU
		{FF4A6E01-DBB6-4FC2-997A-422BD76ED42E}.Release|Any CPU.ActiveCfg = Release|Any CPU
		{FF4A6E01-DBB6-4FC2-997A-422BD76ED42E}.Release|Any CPU.Build.0 = Release|Any CPU
	EndGlobalSection
	GlobalSection(SolutionProperties) = preSolution
		HideSolutionNode = FALSE
	EndGlobalSection
	GlobalSection(NestedProjects) = preSolution
		{0DBF74B6-E4FA-4EA1-BCF9-CC36ED3188A1} = {6F75DD49-D65C-45D5-BE46-E33440B774C2}
		{F7A5C7DD-8715-4BF9-8909-DB8FDFAC8005} = {6F75DD49-D65C-45D5-BE46-E33440B774C2}
		{94532E20-E95B-4068-8E00-8043F1F30123} = {6F75DD49-D65C-45D5-BE46-E33440B774C2}
		{1CA0BC5D-AC3D-44F9-A5D0-3995599FBF50} = {6F75DD49-D65C-45D5-BE46-E33440B774C2}
		{6A940E54-882A-4407-BE2F-43773F27FF52} = {6F75DD49-D65C-45D5-BE46-E33440B774C2}
		{74489251-A59D-44BD-9701-1EC5FA9E500B} = {7C930386-CF39-46A5-9056-BC9D0D3E666F}
		{0A7DAC26-A25A-4C3D-B45A-E8723EF93973} = {7C930386-CF39-46A5-9056-BC9D0D3E666F}
		{7B8973F2-A88C-4EF3-82D8-21D4D416854D} = {7C930386-CF39-46A5-9056-BC9D0D3E666F}
		{C2B0419A-F061-48FC-9228-EA9ACC1453D7} = {7C930386-CF39-46A5-9056-BC9D0D3E666F}
		{3DF474F9-CF6C-43D6-BB6B-BF06A3B92ED1} = {7C930386-CF39-46A5-9056-BC9D0D3E666F}
		{80AA16B1-B5FE-43CA-A438-8A383EB8629F} = {9D5CC747-356C-4F5B-B325-047C352DB42D}
		{7B1B6DF1-9691-4C6A-947C-878DCC34407A} = {9D5CC747-356C-4F5B-B325-047C352DB42D}
		{00B70056-BD4D-4F02-816F-AD197D6B06CA} = {9D5CC747-356C-4F5B-B325-047C352DB42D}
		{E506C8A5-850F-4640-820B-33943D093605} = {9D5CC747-356C-4F5B-B325-047C352DB42D}
		{6030F733-E0E7-4722-A1F0-04422F8BD250} = {552739D6-7725-4E71-812C-B7C3A8BE7FEA}
		{2DED8334-1C83-427E-A184-D5D899952A5B} = {552739D6-7725-4E71-812C-B7C3A8BE7FEA}
		{E35831E9-A8A3-438B-A72E-56AD51A2CA9E} = {552739D6-7725-4E71-812C-B7C3A8BE7FEA}
		{8519AADF-918A-4B60-AA76-F854A85C97C9} = {552739D6-7725-4E71-812C-B7C3A8BE7FEA}
		{FF4A6E01-DBB6-4FC2-997A-422BD76ED42E} = {AE16E42D-5737-47D8-BE91-72BA42B727CB}
	EndGlobalSection
	GlobalSection(ExtensibilityGlobals) = postSolution
		SolutionGuid = {B333AC48-2A9A-40F3-8881-0639A6E8AD79}
	EndGlobalSection
EndGlobal
